
Microsoft Visual Studio Solution File, Format Version 12.00
# Visual Studio 15
VisualStudioVersion = 15.0.26228.9
MinimumVisualStudioVersion = 10.0.40219.1
Project("{FAE04EC0-301F-11D3-BF4B-00C04F79EFBC}") = "PaDa.Task1.Test", "PaDa.Task1.Test\PaDa.Task1.Test.csproj", "{2BE9CC3D-6402-46E3-8634-AEFD2071710E}"
EndProject
Project("{FAE04EC0-301F-11D3-BF4B-00C04F79EFBC}") = "PaDa.Task1", "PaDa.Task1\PaDa.Task1.csproj", "{45E7A780-692E-4441-91F1-5F7D962DBCA3}"
EndProject
Project("{FAE04EC0-301F-11D3-BF4B-00C04F79EFBC}") = "PaDa.Task2", "PaDa.Task2\PaDa.Task2.csproj", "{C82DC73D-56CE-4B4A-8A1E-F7C5D367C713}"
EndProject
Project("{FAE04EC0-301F-11D3-BF4B-00C04F79EFBC}") = "PaDa.Task3.MergeSort", "PaDa.Task3.MergeSort\PaDa.Task3.MergeSort.csproj", "{C8C126D0-B709-4EE1-9054-83512814A949}"
EndProject
Project("{FAE04EC0-301F-11D3-BF4B-00C04F79EFBC}") = "PaDa.Task3.MergeSort.Test", "PaDa.Task3.MergeSort.Test\PaDa.Task3.MergeSort.Test.csproj", "{BB22A0C8-F133-4AD9-B45D-89A1EBFE2525}"
EndProject
Project("{FAE04EC0-301F-11D3-BF4B-00C04F79EFBC}") = "PaDa.Lib", "PaDa.Lib\PaDa.Lib.csproj", "{0888DC4C-9F09-49CC-B17F-B94C9CDD72E2}"
EndProject
Project("{FAE04EC0-301F-11D3-BF4B-00C04F79EFBC}") = "PaDa.Lib.Test", "PaDa.Lib.Test\PaDa.Lib.Test.csproj", "{2392864F-2C94-4A7D-8E98-BFE239447C09}"
EndProject
Global
	GlobalSection(SolutionConfigurationPlatforms) = preSolution
		Debug|Any CPU = Debug|Any CPU
		Release|Any CPU = Release|Any CPU
	EndGlobalSection
	GlobalSection(ProjectConfigurationPlatforms) = postSolution
		{2BE9CC3D-6402-46E3-8634-AEFD2071710E}.Debug|Any CPU.ActiveCfg = Debug|Any CPU
		{2BE9CC3D-6402-46E3-8634-AEFD2071710E}.Debug|Any CPU.Build.0 = Debug|Any CPU
		{2BE9CC3D-6402-46E3-8634-AEFD2071710E}.Release|Any CPU.ActiveCfg = Release|Any CPU
		{2BE9CC3D-6402-46E3-8634-AEFD2071710E}.Release|Any CPU.Build.0 = Release|Any CPU
		{45E7A780-692E-4441-91F1-5F7D962DBCA3}.Debug|Any CPU.ActiveCfg = Debug|Any CPU
		{45E7A780-692E-4441-91F1-5F7D962DBCA3}.Debug|Any CPU.Build.0 = Debug|Any CPU
		{45E7A780-692E-4441-91F1-5F7D962DBCA3}.Release|Any CPU.ActiveCfg = Release|Any CPU
		{45E7A780-692E-4441-91F1-5F7D962DBCA3}.Release|Any CPU.Build.0 = Release|Any CPU
		{C82DC73D-56CE-4B4A-8A1E-F7C5D367C713}.Debug|Any CPU.ActiveCfg = Debug|Any CPU
		{C82DC73D-56CE-4B4A-8A1E-F7C5D367C713}.Debug|Any CPU.Build.0 = Debug|Any CPU
		{C82DC73D-56CE-4B4A-8A1E-F7C5D367C713}.Release|Any CPU.ActiveCfg = Release|Any CPU
		{C82DC73D-56CE-4B4A-8A1E-F7C5D367C713}.Release|Any CPU.Build.0 = Release|Any CPU
		{C8C126D0-B709-4EE1-9054-83512814A949}.Debug|Any CPU.ActiveCfg = Debug|Any CPU
		{C8C126D0-B709-4EE1-9054-83512814A949}.Debug|Any CPU.Build.0 = Debug|Any CPU
		{C8C126D0-B709-4EE1-9054-83512814A949}.Release|Any CPU.ActiveCfg = Release|Any CPU
		{C8C126D0-B709-4EE1-9054-83512814A949}.Release|Any CPU.Build.0 = Release|Any CPU
		{BB22A0C8-F133-4AD9-B45D-89A1EBFE2525}.Debug|Any CPU.ActiveCfg = Debug|Any CPU
		{BB22A0C8-F133-4AD9-B45D-89A1EBFE2525}.Debug|Any CPU.Build.0 = Debug|Any CPU
		{BB22A0C8-F133-4AD9-B45D-89A1EBFE2525}.Release|Any CPU.ActiveCfg = Release|Any CPU
		{BB22A0C8-F133-4AD9-B45D-89A1EBFE2525}.Release|Any CPU.Build.0 = Release|Any CPU
		{0888DC4C-9F09-49CC-B17F-B94C9CDD72E2}.Debug|Any CPU.ActiveCfg = Debug|Any CPU
		{0888DC4C-9F09-49CC-B17F-B94C9CDD72E2}.Debug|Any CPU.Build.0 = Debug|Any CPU
		{0888DC4C-9F09-49CC-B17F-B94C9CDD72E2}.Release|Any CPU.ActiveCfg = Release|Any CPU
		{0888DC4C-9F09-49CC-B17F-B94C9CDD72E2}.Release|Any CPU.Build.0 = Release|Any CPU
		{2392864F-2C94-4A7D-8E98-BFE239447C09}.Debug|Any CPU.ActiveCfg = Debug|Any CPU
		{2392864F-2C94-4A7D-8E98-BFE239447C09}.Debug|Any CPU.Build.0 = Debug|Any CPU
		{2392864F-2C94-4A7D-8E98-BFE239447C09}.Release|Any CPU.ActiveCfg = Release|Any CPU
		{2392864F-2C94-4A7D-8E98-BFE239447C09}.Release|Any CPU.Build.0 = Release|Any CPU
	EndGlobalSection
	GlobalSection(SolutionProperties) = preSolution
		HideSolutionNode = FALSE
	EndGlobalSection
EndGlobal
